
Microsoft Visual Studio Solution File, Format Version 12.00
# Visual Studio Version 16
VisualStudioVersion = 16.0.30503.244
MinimumVisualStudioVersion = 10.0.40219.1
Project("{FAE04EC0-301F-11D3-BF4B-00C04F79EFBC}") = "Day2InClass", "Day2InClass\Day2InClass.csproj", "{B5465AE6-6A1B-4C45-9924-2438E8435ECF}"
EndProject
Global
	GlobalSection(SolutionConfigurationPlatforms) = preSolution
		Debug|Any CPU = Debug|Any CPU
		Release|Any CPU = Release|Any CPU
	EndGlobalSection
	GlobalSection(ProjectConfigurationPlatforms) = postSolution
		{B5465AE6-6A1B-4C45-9924-2438E8435ECF}.Debug|Any CPU.ActiveCfg = Debug|Any CPU
		{B5465AE6-6A1B-4C45-9924-2438E8435ECF}.Debug|Any CPU.Build.0 = Debug|Any CPU
		{B5465AE6-6A1B-4C45-9924-2438E8435ECF}.Release|Any CPU.ActiveCfg = Release|Any CPU
		{B5465AE6-6A1B-4C45-9924-2438E8435ECF}.Release|Any CPU.Build.0 = Release|Any CPU
	EndGlobalSection
	GlobalSection(SolutionProperties) = preSolution
		HideSolutionNode = FALSE
	EndGlobalSection
	GlobalSection(ExtensibilityGlobals) = postSolution
		SolutionGuid = {C05A955E-55F1-4DE3-91C3-790EDC54F4CA}
	EndGlobalSection
EndGlobal
